
Microsoft Visual Studio Solution File, Format Version 12.00
# Visual Studio Version 17
VisualStudioVersion = 17.2.32526.322
MinimumVisualStudioVersion = 10.0.40219.1
Project("{2150E333-8FDC-42A3-9474-1A3956D46DE8}") = "src", "src", "{B847339D-D664-4768-A3F6-992917A7B645}"
EndProject
Project("{2150E333-8FDC-42A3-9474-1A3956D46DE8}") = "WebUI", "WebUI", "{E095A54D-FDA6-4F16-BDF9-D59B21684375}"
EndProject
Project("{FAE04EC0-301F-11D3-BF4B-00C04F79EFBC}") = "Client", "src\WebUI\Client\Client.csproj", "{EBCE2769-48FC-4449-9975-DC79E89E733C}"
EndProject
Project("{FAE04EC0-301F-11D3-BF4B-00C04F79EFBC}") = "Server", "src\WebUI\Server\Server.csproj", "{18BF9CD9-1E44-464D-801E-94D482C20F71}"
EndProject
Project("{FAE04EC0-301F-11D3-BF4B-00C04F79EFBC}") = "Application", "src\Application\Application.csproj", "{B4569A68-0B42-4A27-8C29-60465CCE49F2}"
EndProject
Project("{FAE04EC0-301F-11D3-BF4B-00C04F79EFBC}") = "Domain", "src\Domain\Domain.csproj", "{ECAC098D-388D-452F-BBFF-7459E691AAF8}"
EndProject
Project("{FAE04EC0-301F-11D3-BF4B-00C04F79EFBC}") = "Infrastructure", "src\Infrastructure\Infrastructure.csproj", "{762915B7-61D8-45F4-821B-05AD87696B0C}"
EndProject
Global
	GlobalSection(SolutionConfigurationPlatforms) = preSolution
		Debug|Any CPU = Debug|Any CPU
		Release|Any CPU = Release|Any CPU
	EndGlobalSection
	GlobalSection(ProjectConfigurationPlatforms) = postSolution
		{8B9A398E-A912-4F68-AEC5-05EB9531456E}.Debug|Any CPU.ActiveCfg = Debug|Any CPU
		{8B9A398E-A912-4F68-AEC5-05EB9531456E}.Debug|Any CPU.Build.0 = Debug|Any CPU
		{8B9A398E-A912-4F68-AEC5-05EB9531456E}.Release|Any CPU.ActiveCfg = Release|Any CPU
		{8B9A398E-A912-4F68-AEC5-05EB9531456E}.Release|Any CPU.Build.0 = Release|Any CPU
		{D739C137-E435-4E4C-B2F1-42063A828895}.Debug|Any CPU.ActiveCfg = Debug|Any CPU
		{D739C137-E435-4E4C-B2F1-42063A828895}.Debug|Any CPU.Build.0 = Debug|Any CPU
		{D739C137-E435-4E4C-B2F1-42063A828895}.Release|Any CPU.ActiveCfg = Release|Any CPU
		{D739C137-E435-4E4C-B2F1-42063A828895}.Release|Any CPU.Build.0 = Release|Any CPU
		{FE424B2C-DF61-4255-996B-D3E0C840C3A0}.Debug|Any CPU.ActiveCfg = Debug|Any CPU
		{FE424B2C-DF61-4255-996B-D3E0C840C3A0}.Debug|Any CPU.Build.0 = Debug|Any CPU
		{FE424B2C-DF61-4255-996B-D3E0C840C3A0}.Release|Any CPU.ActiveCfg = Release|Any CPU
		{FE424B2C-DF61-4255-996B-D3E0C840C3A0}.Release|Any CPU.Build.0 = Release|Any CPU
		{EBCE2769-48FC-4449-9975-DC79E89E733C}.Debug|Any CPU.ActiveCfg = Debug|Any CPU
		{EBCE2769-48FC-4449-9975-DC79E89E733C}.Debug|Any CPU.Build.0 = Debug|Any CPU
		{EBCE2769-48FC-4449-9975-DC79E89E733C}.Release|Any CPU.ActiveCfg = Release|Any CPU
		{EBCE2769-48FC-4449-9975-DC79E89E733C}.Release|Any CPU.Build.0 = Release|Any CPU
		{18BF9CD9-1E44-464D-801E-94D482C20F71}.Debug|Any CPU.ActiveCfg = Debug|Any CPU
		{18BF9CD9-1E44-464D-801E-94D482C20F71}.Debug|Any CPU.Build.0 = Debug|Any CPU
		{18BF9CD9-1E44-464D-801E-94D482C20F71}.Release|Any CPU.ActiveCfg = Release|Any CPU
		{18BF9CD9-1E44-464D-801E-94D482C20F71}.Release|Any CPU.Build.0 = Release|Any CPU
		{B4569A68-0B42-4A27-8C29-60465CCE49F2}.Debug|Any CPU.ActiveCfg = Debug|Any CPU
		{B4569A68-0B42-4A27-8C29-60465CCE49F2}.Debug|Any CPU.Build.0 = Debug|Any CPU
		{B4569A68-0B42-4A27-8C29-60465CCE49F2}.Release|Any CPU.ActiveCfg = Release|Any CPU
		{B4569A68-0B42-4A27-8C29-60465CCE49F2}.Release|Any CPU.Build.0 = Release|Any CPU
		{ECAC098D-388D-452F-BBFF-7459E691AAF8}.Debug|Any CPU.ActiveCfg = Debug|Any CPU
		{ECAC098D-388D-452F-BBFF-7459E691AAF8}.Debug|Any CPU.Build.0 = Debug|Any CPU
		{ECAC098D-388D-452F-BBFF-7459E691AAF8}.Release|Any CPU.ActiveCfg = Release|Any CPU
		{ECAC098D-388D-452F-BBFF-7459E691AAF8}.Release|Any CPU.Build.0 = Release|Any CPU
		{762915B7-61D8-45F4-821B-05AD87696B0C}.Debug|Any CPU.ActiveCfg = Debug|Any CPU
		{762915B7-61D8-45F4-821B-05AD87696B0C}.Debug|Any CPU.Build.0 = Debug|Any CPU
		{762915B7-61D8-45F4-821B-05AD87696B0C}.Release|Any CPU.ActiveCfg = Release|Any CPU
		{762915B7-61D8-45F4-821B-05AD87696B0C}.Release|Any CPU.Build.0 = Release|Any CPU
	EndGlobalSection
	GlobalSection(SolutionProperties) = preSolution
		HideSolutionNode = FALSE
	EndGlobalSection
	GlobalSection(ExtensibilityGlobals) = postSolution
		SolutionGuid = {DF839D8A-9A1C-4BE1-B78F-685043D8759D}
	EndGlobalSection
	GlobalSection(NestedProjects) = preSolution
		{E095A54D-FDA6-4F16-BDF9-D59B21684375} = {B847339D-D664-4768-A3F6-992917A7B645}
		{EBCE2769-48FC-4449-9975-DC79E89E733C} = {E095A54D-FDA6-4F16-BDF9-D59B21684375}
		{18BF9CD9-1E44-464D-801E-94D482C20F71} = {E095A54D-FDA6-4F16-BDF9-D59B21684375}
		{B4569A68-0B42-4A27-8C29-60465CCE49F2} = {B847339D-D664-4768-A3F6-992917A7B645}
		{ECAC098D-388D-452F-BBFF-7459E691AAF8} = {B847339D-D664-4768-A3F6-992917A7B645}
		{762915B7-61D8-45F4-821B-05AD87696B0C} = {B847339D-D664-4768-A3F6-992917A7B645}
	EndGlobalSection
EndGlobal
